
Microsoft Visual Studio Solution File, Format Version 11.00
# Visual Studio 2010
Project("{FAE04EC0-301F-11D3-BF4B-00C04F79EFBC}") = "CustomDate.Tests", "CustomDateAcceptanceTests\CustomDate.Tests.csproj", "{B404E076-FB95-4E0A-AF7E-7FDD798118CD}"
EndProject
Project("{F2A71F9B-5D33-465A-A702-920D77279786}") = "CustomDate", "CustomDate\CustomDate.fsproj", "{4A579CDE-5121-4670-9410-11602D130394}"
EndProject
Global
	GlobalSection(SolutionConfigurationPlatforms) = preSolution
		Debug|Any CPU = Debug|Any CPU
		Release|Any CPU = Release|Any CPU
	EndGlobalSection
	GlobalSection(ProjectConfigurationPlatforms) = postSolution
		{B404E076-FB95-4E0A-AF7E-7FDD798118CD}.Debug|Any CPU.ActiveCfg = Debug|Any CPU
		{B404E076-FB95-4E0A-AF7E-7FDD798118CD}.Debug|Any CPU.Build.0 = Debug|Any CPU
		{B404E076-FB95-4E0A-AF7E-7FDD798118CD}.Release|Any CPU.ActiveCfg = Release|Any CPU
		{B404E076-FB95-4E0A-AF7E-7FDD798118CD}.Release|Any CPU.Build.0 = Release|Any CPU
		{4A579CDE-5121-4670-9410-11602D130394}.Debug|Any CPU.ActiveCfg = Debug|Any CPU
		{4A579CDE-5121-4670-9410-11602D130394}.Debug|Any CPU.Build.0 = Debug|Any CPU
		{4A579CDE-5121-4670-9410-11602D130394}.Release|Any CPU.ActiveCfg = Release|Any CPU
		{4A579CDE-5121-4670-9410-11602D130394}.Release|Any CPU.Build.0 = Release|Any CPU
	EndGlobalSection
	GlobalSection(SolutionProperties) = preSolution
		HideSolutionNode = FALSE
	EndGlobalSection
EndGlobal
